// !$*UTF8*$!
{
	archiveVersion = 1;
	classes = {
	};
	objectVersion = 50;
	objects = {

/* Begin PBXBuildFile section */
		3B76D645003C28897A2BEA3F /* Pods_json_upload.framework in Frameworks */ = {isa = PBXBuildFile; fileRef = C083B06D05FF2996F8CA23B8 /* Pods_json_upload.framework */; };
		4F526B0A25A72C1A005895D4 /* uploadScript.py in Resources */ = {isa = PBXBuildFile; fileRef = 4F526B0925A72C1A005895D4 /* uploadScript.py */; };
		4F526B0F25A72C24005895D4 /* json-upload-301011-6cd8a2247084.json in Resources */ = {isa = PBXBuildFile; fileRef = 4F526B0E25A72C24005895D4 /* json-upload-301011-6cd8a2247084.json */; };
		4F526B1425A73128005895D4 /* firebase_admin-4.5.0 in Resources */ = {isa = PBXBuildFile; fileRef = 4F526B1325A73128005895D4 /* firebase_admin-4.5.0 */; };
		4F6FE7CD259B92FD00455E7E /* usb_conversion_tables.json in Resources */ = {isa = PBXBuildFile; fileRef = 4F6FE7CC259B92FD00455E7E /* usb_conversion_tables.json */; };
		4F70E4D625A3552A007E9246 /* test.zip in Resources */ = {isa = PBXBuildFile; fileRef = 4F70E4D525A3552A007E9246 /* test.zip */; };
		4FCDF3AE259B922B003FFB4B /* json_uploadApp.swift in Sources */ = {isa = PBXBuildFile; fileRef = 4FCDF3AD259B922B003FFB4B /* json_uploadApp.swift */; };
		4FCDF3B0259B922B003FFB4B /* ContentView.swift in Sources */ = {isa = PBXBuildFile; fileRef = 4FCDF3AF259B922B003FFB4B /* ContentView.swift */; };
		4FCDF3B2259B922E003FFB4B /* Assets.xcassets in Resources */ = {isa = PBXBuildFile; fileRef = 4FCDF3B1259B922E003FFB4B /* Assets.xcassets */; };
		4FCDF3B5259B922E003FFB4B /* Preview Assets.xcassets in Resources */ = {isa = PBXBuildFile; fileRef = 4FCDF3B4259B922E003FFB4B /* Preview Assets.xcassets */; };
		4FCDF3C0259B922E003FFB4B /* json_uploadTests.swift in Sources */ = {isa = PBXBuildFile; fileRef = 4FCDF3BF259B922E003FFB4B /* json_uploadTests.swift */; };
		4FCDF3CB259B922E003FFB4B /* json_uploadUITests.swift in Sources */ = {isa = PBXBuildFile; fileRef = 4FCDF3CA259B922E003FFB4B /* json_uploadUITests.swift */; };
		4FFFFF84259BC1EE00C98555 /* GoogleService-Info.plist in Resources */ = {isa = PBXBuildFile; fileRef = 4FFFFF83259BC1EE00C98555 /* GoogleService-Info.plist */; };
		4FFFFF9C259CADC800C98555 /* uploadScript.js in Resources */ = {isa = PBXBuildFile; fileRef = 4FFFFF9B259CADC800C98555 /* uploadScript.js */; };
		A6D5D4F9850556D08DB997B5 /* Pods_json_uploadTests.framework in Frameworks */ = {isa = PBXBuildFile; fileRef = 29027D60EB452A28249B7BEE /* Pods_json_uploadTests.framework */; };
		D37A1FAD773A1AE0938B8685 /* Pods_json_upload_json_uploadUITests.framework in Frameworks */ = {isa = PBXBuildFile; fileRef = 6F3F15F9EBF0A3D93CA42FC8 /* Pods_json_upload_json_uploadUITests.framework */; };
/* End PBXBuildFile section */

/* Begin PBXContainerItemProxy section */
		4FCDF3BC259B922E003FFB4B /* PBXContainerItemProxy */ = {
			isa = PBXContainerItemProxy;
			containerPortal = 4FCDF3A2259B922B003FFB4B /* Project object */;
			proxyType = 1;
			remoteGlobalIDString = 4FCDF3A9259B922B003FFB4B;
			remoteInfo = "json-upload";
		};
		4FCDF3C7259B922E003FFB4B /* PBXContainerItemProxy */ = {
			isa = PBXContainerItemProxy;
			containerPortal = 4FCDF3A2259B922B003FFB4B /* Project object */;
			proxyType = 1;
			remoteGlobalIDString = 4FCDF3A9259B922B003FFB4B;
			remoteInfo = "json-upload";
		};
/* End PBXContainerItemProxy section */

/* Begin PBXFileReference section */
		29027D60EB452A28249B7BEE /* Pods_json_uploadTests.framework */ = {isa = PBXFileReference; explicitFileType = wrapper.framework; includeInIndex = 0; path = Pods_json_uploadTests.framework; sourceTree = BUILT_PRODUCTS_DIR; };
		3EDCF8C3EC1B89F8BBECA28C /* Pods-json-upload.debug.xcconfig */ = {isa = PBXFileReference; includeInIndex = 1; lastKnownFileType = text.xcconfig; name = "Pods-json-upload.debug.xcconfig"; path = "Target Support Files/Pods-json-upload/Pods-json-upload.debug.xcconfig"; sourceTree = "<group>"; };
		4F526B0925A72C1A005895D4 /* uploadScript.py */ = {isa = PBXFileReference; fileEncoding = 4; lastKnownFileType = text.script.python; path = uploadScript.py; sourceTree = "<group>"; };
		4F526B0E25A72C24005895D4 /* json-upload-301011-6cd8a2247084.json */ = {isa = PBXFileReference; fileEncoding = 4; lastKnownFileType = text.json; path = "json-upload-301011-6cd8a2247084.json"; sourceTree = "<group>"; };
		4F526B1325A73128005895D4 /* firebase_admin-4.5.0 */ = {isa = PBXFileReference; lastKnownFileType = folder; path = "firebase_admin-4.5.0"; sourceTree = "<group>"; };
		4F6FE7CC259B92FD00455E7E /* usb_conversion_tables.json */ = {isa = PBXFileReference; fileEncoding = 4; lastKnownFileType = text.json; path = usb_conversion_tables.json; sourceTree = "<group>"; };
		4F70E4D525A3552A007E9246 /* test.zip */ = {isa = PBXFileReference; lastKnownFileType = archive.zip; path = test.zip; sourceTree = "<group>"; };
		4FCDF3AA259B922B003FFB4B /* json-upload.app */ = {isa = PBXFileReference; explicitFileType = wrapper.application; includeInIndex = 0; path = "json-upload.app"; sourceTree = BUILT_PRODUCTS_DIR; };
		4FCDF3AD259B922B003FFB4B /* json_uploadApp.swift */ = {isa = PBXFileReference; lastKnownFileType = sourcecode.swift; path = json_uploadApp.swift; sourceTree = "<group>"; };
		4FCDF3AF259B922B003FFB4B /* ContentView.swift */ = {isa = PBXFileReference; lastKnownFileType = sourcecode.swift; path = ContentView.swift; sourceTree = "<group>"; };
		4FCDF3B1259B922E003FFB4B /* Assets.xcassets */ = {isa = PBXFileReference; lastKnownFileType = folder.assetcatalog; path = Assets.xcassets; sourceTree = "<group>"; };
		4FCDF3B4259B922E003FFB4B /* Preview Assets.xcassets */ = {isa = PBXFileReference; lastKnownFileType = folder.assetcatalog; path = "Preview Assets.xcassets"; sourceTree = "<group>"; };
		4FCDF3B6259B922E003FFB4B /* Info.plist */ = {isa = PBXFileReference; lastKnownFileType = text.plist.xml; path = Info.plist; sourceTree = "<group>"; };
		4FCDF3BB259B922E003FFB4B /* json-uploadTests.xctest */ = {isa = PBXFileReference; explicitFileType = wrapper.cfbundle; includeInIndex = 0; path = "json-uploadTests.xctest"; sourceTree = BUILT_PRODUCTS_DIR; };
		4FCDF3BF259B922E003FFB4B /* json_uploadTests.swift */ = {isa = PBXFileReference; lastKnownFileType = sourcecode.swift; path = json_uploadTests.swift; sourceTree = "<group>"; };
		4FCDF3C1259B922E003FFB4B /* Info.plist */ = {isa = PBXFileReference; lastKnownFileType = text.plist.xml; path = Info.plist; sourceTree = "<group>"; };
		4FCDF3C6259B922E003FFB4B /* json-uploadUITests.xctest */ = {isa = PBXFileReference; explicitFileType = wrapper.cfbundle; includeInIndex = 0; path = "json-uploadUITests.xctest"; sourceTree = BUILT_PRODUCTS_DIR; };
		4FCDF3CA259B922E003FFB4B /* json_uploadUITests.swift */ = {isa = PBXFileReference; lastKnownFileType = sourcecode.swift; path = json_uploadUITests.swift; sourceTree = "<group>"; };
		4FCDF3CC259B922E003FFB4B /* Info.plist */ = {isa = PBXFileReference; lastKnownFileType = text.plist.xml; path = Info.plist; sourceTree = "<group>"; };
		4FFFFF83259BC1EE00C98555 /* GoogleService-Info.plist */ = {isa = PBXFileReference; fileEncoding = 4; lastKnownFileType = text.plist.xml; path = "GoogleService-Info.plist"; sourceTree = "<group>"; };
		4FFFFF9B259CADC800C98555 /* uploadScript.js */ = {isa = PBXFileReference; fileEncoding = 4; lastKnownFileType = sourcecode.javascript; path = uploadScript.js; sourceTree = "<group>"; };
		69EB068FA4659C71DA92B8D3 /* Pods-json-upload.release.xcconfig */ = {isa = PBXFileReference; includeInIndex = 1; lastKnownFileType = text.xcconfig; name = "Pods-json-upload.release.xcconfig"; path = "Target Support Files/Pods-json-upload/Pods-json-upload.release.xcconfig"; sourceTree = "<group>"; };
		6F3F15F9EBF0A3D93CA42FC8 /* Pods_json_upload_json_uploadUITests.framework */ = {isa = PBXFileReference; explicitFileType = wrapper.framework; includeInIndex = 0; path = Pods_json_upload_json_uploadUITests.framework; sourceTree = BUILT_PRODUCTS_DIR; };
		9F60983C432585C42DEAE100 /* Pods-json-uploadTests.debug.xcconfig */ = {isa = PBXFileReference; includeInIndex = 1; lastKnownFileType = text.xcconfig; name = "Pods-json-uploadTests.debug.xcconfig"; path = "Target Support Files/Pods-json-uploadTests/Pods-json-uploadTests.debug.xcconfig"; sourceTree = "<group>"; };
		A53D5590AAA4D7079F2AC4FC /* Pods-json-upload-json-uploadUITests.debug.xcconfig */ = {isa = PBXFileReference; includeInIndex = 1; lastKnownFileType = text.xcconfig; name = "Pods-json-upload-json-uploadUITests.debug.xcconfig"; path = "Target Support Files/Pods-json-upload-json-uploadUITests/Pods-json-upload-json-uploadUITests.debug.xcconfig"; sourceTree = "<group>"; };
		C083B06D05FF2996F8CA23B8 /* Pods_json_upload.framework */ = {isa = PBXFileReference; explicitFileType = wrapper.framework; includeInIndex = 0; path = Pods_json_upload.framework; sourceTree = BUILT_PRODUCTS_DIR; };
		E556014279E56B5FCEF25F1D /* Pods-json-uploadTests.release.xcconfig */ = {isa = PBXFileReference; includeInIndex = 1; lastKnownFileType = text.xcconfig; name = "Pods-json-uploadTests.release.xcconfig"; path = "Target Support Files/Pods-json-uploadTests/Pods-json-uploadTests.release.xcconfig"; sourceTree = "<group>"; };
		F8030A79EDFF55A4223748B7 /* Pods-json-upload-json-uploadUITests.release.xcconfig */ = {isa = PBXFileReference; includeInIndex = 1; lastKnownFileType = text.xcconfig; name = "Pods-json-upload-json-uploadUITests.release.xcconfig"; path = "Target Support Files/Pods-json-upload-json-uploadUITests/Pods-json-upload-json-uploadUITests.release.xcconfig"; sourceTree = "<group>"; };
/* End PBXFileReference section */

/* Begin PBXFrameworksBuildPhase section */
		4FCDF3A7259B922B003FFB4B /* Frameworks */ = {
			isa = PBXFrameworksBuildPhase;
			buildActionMask = 2147483647;
			files = (
				3B76D645003C28897A2BEA3F /* Pods_json_upload.framework in Frameworks */,
			);
			runOnlyForDeploymentPostprocessing = 0;
		};
		4FCDF3B8259B922E003FFB4B /* Frameworks */ = {
			isa = PBXFrameworksBuildPhase;
			buildActionMask = 2147483647;
			files = (
				A6D5D4F9850556D08DB997B5 /* Pods_json_uploadTests.framework in Frameworks */,
			);
			runOnlyForDeploymentPostprocessing = 0;
		};
		4FCDF3C3259B922E003FFB4B /* Frameworks */ = {
			isa = PBXFrameworksBuildPhase;
			buildActionMask = 2147483647;
			files = (
				D37A1FAD773A1AE0938B8685 /* Pods_json_upload_json_uploadUITests.framework in Frameworks */,
			);
			runOnlyForDeploymentPostprocessing = 0;
		};
/* End PBXFrameworksBuildPhase section */

/* Begin PBXGroup section */
		4FCDF3A1259B922B003FFB4B = {
			isa = PBXGroup;
			children = (
				4FCDF3AC259B922B003FFB4B /* json-upload */,
				4FCDF3BE259B922E003FFB4B /* json-uploadTests */,
				4FCDF3C9259B922E003FFB4B /* json-uploadUITests */,
				4FCDF3AB259B922B003FFB4B /* Products */,
				FAB3D0BBED0F0E824715F5F5 /* Pods */,
				DC9181F44475852218490EA1 /* Frameworks */,
			);
			sourceTree = "<group>";
		};
		4FCDF3AB259B922B003FFB4B /* Products */ = {
			isa = PBXGroup;
			children = (
				4FCDF3AA259B922B003FFB4B /* json-upload.app */,
				4FCDF3BB259B922E003FFB4B /* json-uploadTests.xctest */,
				4FCDF3C6259B922E003FFB4B /* json-uploadUITests.xctest */,
			);
			name = Products;
			sourceTree = "<group>";
		};
		4FCDF3AC259B922B003FFB4B /* json-upload */ = {
			isa = PBXGroup;
			children = (
				4F526B1325A73128005895D4 /* firebase_admin-4.5.0 */,
				4F70E4D525A3552A007E9246 /* test.zip */,
				4F526B0E25A72C24005895D4 /* json-upload-301011-6cd8a2247084.json */,
				4F526B0925A72C1A005895D4 /* uploadScript.py */,
				4FFFFF9B259CADC800C98555 /* uploadScript.js */,
				4F6FE7CC259B92FD00455E7E /* usb_conversion_tables.json */,
				4FCDF3AD259B922B003FFB4B /* json_uploadApp.swift */,
				4FCDF3AF259B922B003FFB4B /* ContentView.swift */,
				4FCDF3B1259B922E003FFB4B /* Assets.xcassets */,
				4FCDF3B6259B922E003FFB4B /* Info.plist */,
				4FFFFF83259BC1EE00C98555 /* GoogleService-Info.plist */,
				4FCDF3B3259B922E003FFB4B /* Preview Content */,
			);
			path = "json-upload";
			sourceTree = "<group>";
		};
		4FCDF3B3259B922E003FFB4B /* Preview Content */ = {
			isa = PBXGroup;
			children = (
				4FCDF3B4259B922E003FFB4B /* Preview Assets.xcassets */,
			);
			path = "Preview Content";
			sourceTree = "<group>";
		};
		4FCDF3BE259B922E003FFB4B /* json-uploadTests */ = {
			isa = PBXGroup;
			children = (
				4FCDF3BF259B922E003FFB4B /* json_uploadTests.swift */,
				4FCDF3C1259B922E003FFB4B /* Info.plist */,
			);
			path = "json-uploadTests";
			sourceTree = "<group>";
		};
		4FCDF3C9259B922E003FFB4B /* json-uploadUITests */ = {
			isa = PBXGroup;
			children = (
				4FCDF3CA259B922E003FFB4B /* json_uploadUITests.swift */,
				4FCDF3CC259B922E003FFB4B /* Info.plist */,
			);
			path = "json-uploadUITests";
			sourceTree = "<group>";
		};
		DC9181F44475852218490EA1 /* Frameworks */ = {
			isa = PBXGroup;
			children = (
				C083B06D05FF2996F8CA23B8 /* Pods_json_upload.framework */,
				6F3F15F9EBF0A3D93CA42FC8 /* Pods_json_upload_json_uploadUITests.framework */,
				29027D60EB452A28249B7BEE /* Pods_json_uploadTests.framework */,
			);
			name = Frameworks;
			sourceTree = "<group>";
		};
		FAB3D0BBED0F0E824715F5F5 /* Pods */ = {
			isa = PBXGroup;
			children = (
				3EDCF8C3EC1B89F8BBECA28C /* Pods-json-upload.debug.xcconfig */,
				69EB068FA4659C71DA92B8D3 /* Pods-json-upload.release.xcconfig */,
				A53D5590AAA4D7079F2AC4FC /* Pods-json-upload-json-uploadUITests.debug.xcconfig */,
				F8030A79EDFF55A4223748B7 /* Pods-json-upload-json-uploadUITests.release.xcconfig */,
				9F60983C432585C42DEAE100 /* Pods-json-uploadTests.debug.xcconfig */,
				E556014279E56B5FCEF25F1D /* Pods-json-uploadTests.release.xcconfig */,
			);
			path = Pods;
			sourceTree = "<group>";
		};
/* End PBXGroup section */

/* Begin PBXNativeTarget section */
		4FCDF3A9259B922B003FFB4B /* json-upload */ = {
			isa = PBXNativeTarget;
			buildConfigurationList = 4FCDF3CF259B922E003FFB4B /* Build configuration list for PBXNativeTarget "json-upload" */;
			buildPhases = (
				04849A1A0B4C2531D4AF4922 /* [CP] Check Pods Manifest.lock */,
				4FCDF3A6259B922B003FFB4B /* Sources */,
				4FCDF3A7259B922B003FFB4B /* Frameworks */,
				4FCDF3A8259B922B003FFB4B /* Resources */,
			);
			buildRules = (
			);
			dependencies = (
			);
			name = "json-upload";
			productName = "json-upload";
			productReference = 4FCDF3AA259B922B003FFB4B /* json-upload.app */;
			productType = "com.apple.product-type.application";
		};
		4FCDF3BA259B922E003FFB4B /* json-uploadTests */ = {
			isa = PBXNativeTarget;
			buildConfigurationList = 4FCDF3D2259B922E003FFB4B /* Build configuration list for PBXNativeTarget "json-uploadTests" */;
			buildPhases = (
				20485834A75ABD815D60BCF8 /* [CP] Check Pods Manifest.lock */,
				4FCDF3B7259B922E003FFB4B /* Sources */,
				4FCDF3B8259B922E003FFB4B /* Frameworks */,
				4FCDF3B9259B922E003FFB4B /* Resources */,
			);
			buildRules = (
			);
			dependencies = (
				4FCDF3BD259B922E003FFB4B /* PBXTargetDependency */,
			);
			name = "json-uploadTests";
			productName = "json-uploadTests";
			productReference = 4FCDF3BB259B922E003FFB4B /* json-uploadTests.xctest */;
			productType = "com.apple.product-type.bundle.unit-test";
		};
		4FCDF3C5259B922E003FFB4B /* json-uploadUITests */ = {
			isa = PBXNativeTarget;
			buildConfigurationList = 4FCDF3D5259B922E003FFB4B /* Build configuration list for PBXNativeTarget "json-uploadUITests" */;
			buildPhases = (
				2A46AACFA2D4A3C5115CEBCC /* [CP] Check Pods Manifest.lock */,
				4FCDF3C2259B922E003FFB4B /* Sources */,
				4FCDF3C3259B922E003FFB4B /* Frameworks */,
				4FCDF3C4259B922E003FFB4B /* Resources */,
			);
			buildRules = (
			);
			dependencies = (
				4FCDF3C8259B922E003FFB4B /* PBXTargetDependency */,
			);
			name = "json-uploadUITests";
			productName = "json-uploadUITests";
			productReference = 4FCDF3C6259B922E003FFB4B /* json-uploadUITests.xctest */;
			productType = "com.apple.product-type.bundle.ui-testing";
		};
/* End PBXNativeTarget section */

/* Begin PBXProject section */
		4FCDF3A2259B922B003FFB4B /* Project object */ = {
			isa = PBXProject;
			attributes = {
				LastSwiftUpdateCheck = 1230;
				LastUpgradeCheck = 1230;
				TargetAttributes = {
					4FCDF3A9259B922B003FFB4B = {
						CreatedOnToolsVersion = 12.3;
					};
					4FCDF3BA259B922E003FFB4B = {
						CreatedOnToolsVersion = 12.3;
						TestTargetID = 4FCDF3A9259B922B003FFB4B;
					};
					4FCDF3C5259B922E003FFB4B = {
						CreatedOnToolsVersion = 12.3;
						TestTargetID = 4FCDF3A9259B922B003FFB4B;
					};
				};
			};
			buildConfigurationList = 4FCDF3A5259B922B003FFB4B /* Build configuration list for PBXProject "json-upload" */;
			compatibilityVersion = "Xcode 9.3";
			developmentRegion = en;
			hasScannedForEncodings = 0;
			knownRegions = (
				en,
				Base,
			);
			mainGroup = 4FCDF3A1259B922B003FFB4B;
			productRefGroup = 4FCDF3AB259B922B003FFB4B /* Products */;
			projectDirPath = "";
			projectRoot = "";
			targets = (
				4FCDF3A9259B922B003FFB4B /* json-upload */,
				4FCDF3BA259B922E003FFB4B /* json-uploadTests */,
				4FCDF3C5259B922E003FFB4B /* json-uploadUITests */,
			);
		};
/* End PBXProject section */

/* Begin PBXResourcesBuildPhase section */
		4FCDF3A8259B922B003FFB4B /* Resources */ = {
			isa = PBXResourcesBuildPhase;
			buildActionMask = 2147483647;
			files = (
				4FCDF3B5259B922E003FFB4B /* Preview Assets.xcassets in Resources */,
				4F526B0F25A72C24005895D4 /* json-upload-301011-6cd8a2247084.json in Resources */,
				4FFFFF84259BC1EE00C98555 /* GoogleService-Info.plist in Resources */,
				4FFFFF9C259CADC800C98555 /* uploadScript.js in Resources */,
				4F526B0A25A72C1A005895D4 /* uploadScript.py in Resources */,
				4F6FE7CD259B92FD00455E7E /* usb_conversion_tables.json in Resources */,
				4FCDF3B2259B922E003FFB4B /* Assets.xcassets in Resources */,
				4F70E4D625A3552A007E9246 /* test.zip in Resources */,
				4F526B1425A73128005895D4 /* firebase_admin-4.5.0 in Resources */,
			);
			runOnlyForDeploymentPostprocessing = 0;
		};
		4FCDF3B9259B922E003FFB4B /* Resources */ = {
			isa = PBXResourcesBuildPhase;
			buildActionMask = 2147483647;
			files = (
			);
			runOnlyForDeploymentPostprocessing = 0;
		};
		4FCDF3C4259B922E003FFB4B /* Resources */ = {
			isa = PBXResourcesBuildPhase;
			buildActionMask = 2147483647;
			files = (
			);
			runOnlyForDeploymentPostprocessing = 0;
		};
/* End PBXResourcesBuildPhase section */

/* Begin PBXShellScriptBuildPhase section */
		04849A1A0B4C2531D4AF4922 /* [CP] Check Pods Manifest.lock */ = {
			isa = PBXShellScriptBuildPhase;
			buildActionMask = 2147483647;
			files = (
			);
			inputFileListPaths = (
			);
			inputPaths = (
				"${PODS_PODFILE_DIR_PATH}/Podfile.lock",
				"${PODS_ROOT}/Manifest.lock",
			);
			name = "[CP] Check Pods Manifest.lock";
			outputFileListPaths = (
			);
			outputPaths = (
				"$(DERIVED_FILE_DIR)/Pods-json-upload-checkManifestLockResult.txt",
			);
			runOnlyForDeploymentPostprocessing = 0;
			shellPath = /bin/sh;
			shellScript = "diff \"${PODS_PODFILE_DIR_PATH}/Podfile.lock\" \"${PODS_ROOT}/Manifest.lock\" > /dev/null\nif [ $? != 0 ] ; then\n    # print error to STDERR\n    echo \"error: The sandbox is not in sync with the Podfile.lock. Run 'pod install' or update your CocoaPods installation.\" >&2\n    exit 1\nfi\n# This output is used by Xcode 'outputs' to avoid re-running this script phase.\necho \"SUCCESS\" > \"${SCRIPT_OUTPUT_FILE_0}\"\n";
			showEnvVarsInLog = 0;
		};
		20485834A75ABD815D60BCF8 /* [CP] Check Pods Manifest.lock */ = {
			isa = PBXShellScriptBuildPhase;
			buildActionMask = 2147483647;
			files = (
			);
			inputFileListPaths = (
			);
			inputPaths = (
				"${PODS_PODFILE_DIR_PATH}/Podfile.lock",
				"${PODS_ROOT}/Manifest.lock",
			);
			name = "[CP] Check Pods Manifest.lock";
			outputFileListPaths = (
			);
			outputPaths = (
				"$(DERIVED_FILE_DIR)/Pods-json-uploadTests-checkManifestLockResult.txt",
			);
			runOnlyForDeploymentPostprocessing = 0;
			shellPath = /bin/sh;
			shellScript = "diff \"${PODS_PODFILE_DIR_PATH}/Podfile.lock\" \"${PODS_ROOT}/Manifest.lock\" > /dev/null\nif [ $? != 0 ] ; then\n    # print error to STDERR\n    echo \"error: The sandbox is not in sync with the Podfile.lock. Run 'pod install' or update your CocoaPods installation.\" >&2\n    exit 1\nfi\n# This output is used by Xcode 'outputs' to avoid re-running this script phase.\necho \"SUCCESS\" > \"${SCRIPT_OUTPUT_FILE_0}\"\n";
			showEnvVarsInLog = 0;
		};
		2A46AACFA2D4A3C5115CEBCC /* [CP] Check Pods Manifest.lock */ = {
			isa = PBXShellScriptBuildPhase;
			buildActionMask = 2147483647;
			files = (
			);
			inputFileListPaths = (
			);
			inputPaths = (
				"${PODS_PODFILE_DIR_PATH}/Podfile.lock",
				"${PODS_ROOT}/Manifest.lock",
			);
			name = "[CP] Check Pods Manifest.lock";
			outputFileListPaths = (
			);
			outputPaths = (
				"$(DERIVED_FILE_DIR)/Pods-json-upload-json-uploadUITests-checkManifestLockResult.txt",
			);
			runOnlyForDeploymentPostprocessing = 0;
			shellPath = /bin/sh;
			shellScript = "diff \"${PODS_PODFILE_DIR_PATH}/Podfile.lock\" \"${PODS_ROOT}/Manifest.lock\" > /dev/null\nif [ $? != 0 ] ; then\n    # print error to STDERR\n    echo \"error: The sandbox is not in sync with the Podfile.lock. Run 'pod install' or update your CocoaPods installation.\" >&2\n    exit 1\nfi\n# This output is used by Xcode 'outputs' to avoid re-running this script phase.\necho \"SUCCESS\" > \"${SCRIPT_OUTPUT_FILE_0}\"\n";
			showEnvVarsInLog = 0;
		};
/* End PBXShellScriptBuildPhase section */

/* Begin PBXSourcesBuildPhase section */
		4FCDF3A6259B922B003FFB4B /* Sources */ = {
			isa = PBXSourcesBuildPhase;
			buildActionMask = 2147483647;
			files = (
				4FCDF3B0259B922B003FFB4B /* ContentView.swift in Sources */,
				4FCDF3AE259B922B003FFB4B /* json_uploadApp.swift in Sources */,
			);
			runOnlyForDeploymentPostprocessing = 0;
		};
		4FCDF3B7259B922E003FFB4B /* Sources */ = {
			isa = PBXSourcesBuildPhase;
			buildActionMask = 2147483647;
			files = (
				4FCDF3C0259B922E003FFB4B /* json_uploadTests.swift in Sources */,
			);
			runOnlyForDeploymentPostprocessing = 0;
		};
		4FCDF3C2259B922E003FFB4B /* Sources */ = {
			isa = PBXSourcesBuildPhase;
			buildActionMask = 2147483647;
			files = (
				4FCDF3CB259B922E003FFB4B /* json_uploadUITests.swift in Sources */,
			);
			runOnlyForDeploymentPostprocessing = 0;
		};
/* End PBXSourcesBuildPhase section */

/* Begin PBXTargetDependency section */
		4FCDF3BD259B922E003FFB4B /* PBXTargetDependency */ = {
			isa = PBXTargetDependency;
			target = 4FCDF3A9259B922B003FFB4B /* json-upload */;
			targetProxy = 4FCDF3BC259B922E003FFB4B /* PBXContainerItemProxy */;
		};
		4FCDF3C8259B922E003FFB4B /* PBXTargetDependency */ = {
			isa = PBXTargetDependency;
			target = 4FCDF3A9259B922B003FFB4B /* json-upload */;
			targetProxy = 4FCDF3C7259B922E003FFB4B /* PBXContainerItemProxy */;
		};
/* End PBXTargetDependency section */

/* Begin XCBuildConfiguration section */
		4FCDF3CD259B922E003FFB4B /* Debug */ = {
			isa = XCBuildConfiguration;
			buildSettings = {
				ALWAYS_SEARCH_USER_PATHS = NO;
				CLANG_ANALYZER_NONNULL = YES;
				CLANG_ANALYZER_NUMBER_OBJECT_CONVERSION = YES_AGGRESSIVE;
				CLANG_CXX_LANGUAGE_STANDARD = "gnu++14";
				CLANG_CXX_LIBRARY = "libc++";
				CLANG_ENABLE_MODULES = YES;
				CLANG_ENABLE_OBJC_ARC = YES;
				CLANG_ENABLE_OBJC_WEAK = YES;
				CLANG_WARN_BLOCK_CAPTURE_AUTORELEASING = YES;
				CLANG_WARN_BOOL_CONVERSION = YES;
				CLANG_WARN_COMMA = YES;
				CLANG_WARN_CONSTANT_CONVERSION = YES;
				CLANG_WARN_DEPRECATED_OBJC_IMPLEMENTATIONS = YES;
				CLANG_WARN_DIRECT_OBJC_ISA_USAGE = YES_ERROR;
				CLANG_WARN_DOCUMENTATION_COMMENTS = YES;
				CLANG_WARN_EMPTY_BODY = YES;
				CLANG_WARN_ENUM_CONVERSION = YES;
				CLANG_WARN_INFINITE_RECURSION = YES;
				CLANG_WARN_INT_CONVERSION = YES;
				CLANG_WARN_NON_LITERAL_NULL_CONVERSION = YES;
				CLANG_WARN_OBJC_IMPLICIT_RETAIN_SELF = YES;
				CLANG_WARN_OBJC_LITERAL_CONVERSION = YES;
				CLANG_WARN_OBJC_ROOT_CLASS = YES_ERROR;
				CLANG_WARN_QUOTED_INCLUDE_IN_FRAMEWORK_HEADER = YES;
				CLANG_WARN_RANGE_LOOP_ANALYSIS = YES;
				CLANG_WARN_STRICT_PROTOTYPES = YES;
				CLANG_WARN_SUSPICIOUS_MOVE = YES;
				CLANG_WARN_UNGUARDED_AVAILABILITY = YES_AGGRESSIVE;
				CLANG_WARN_UNREACHABLE_CODE = YES;
				CLANG_WARN__DUPLICATE_METHOD_MATCH = YES;
				COPY_PHASE_STRIP = NO;
				DEBUG_INFORMATION_FORMAT = dwarf;
				ENABLE_STRICT_OBJC_MSGSEND = YES;
				ENABLE_TESTABILITY = YES;
				GCC_C_LANGUAGE_STANDARD = gnu11;
				GCC_DYNAMIC_NO_PIC = NO;
				GCC_NO_COMMON_BLOCKS = YES;
				GCC_OPTIMIZATION_LEVEL = 0;
				GCC_PREPROCESSOR_DEFINITIONS = (
					"DEBUG=1",
					"$(inherited)",
				);
				GCC_WARN_64_TO_32_BIT_CONVERSION = YES;
				GCC_WARN_ABOUT_RETURN_TYPE = YES_ERROR;
				GCC_WARN_UNDECLARED_SELECTOR = YES;
				GCC_WARN_UNINITIALIZED_AUTOS = YES_AGGRESSIVE;
				GCC_WARN_UNUSED_FUNCTION = YES;
				GCC_WARN_UNUSED_VARIABLE = YES;
				IPHONEOS_DEPLOYMENT_TARGET = 14.3;
				MTL_ENABLE_DEBUG_INFO = INCLUDE_SOURCE;
				MTL_FAST_MATH = YES;
				ONLY_ACTIVE_ARCH = YES;
				SDKROOT = iphoneos;
				SWIFT_ACTIVE_COMPILATION_CONDITIONS = DEBUG;
				SWIFT_OPTIMIZATION_LEVEL = "-Onone";
			};
			name = Debug;
		};
		4FCDF3CE259B922E003FFB4B /* Release */ = {
			isa = XCBuildConfiguration;
			buildSettings = {
				ALWAYS_SEARCH_USER_PATHS = NO;
				CLANG_ANALYZER_NONNULL = YES;
				CLANG_ANALYZER_NUMBER_OBJECT_CONVERSION = YES_AGGRESSIVE;
				CLANG_CXX_LANGUAGE_STANDARD = "gnu++14";
				CLANG_CXX_LIBRARY = "libc++";
				CLANG_ENABLE_MODULES = YES;
				CLANG_ENABLE_OBJC_ARC = YES;
				CLANG_ENABLE_OBJC_WEAK = YES;
				CLANG_WARN_BLOCK_CAPTURE_AUTORELEASING = YES;
				CLANG_WARN_BOOL_CONVERSION = YES;
				CLANG_WARN_COMMA = YES;
				CLANG_WARN_CONSTANT_CONVERSION = YES;
				CLANG_WARN_DEPRECATED_OBJC_IMPLEMENTATIONS = YES;
				CLANG_WARN_DIRECT_OBJC_ISA_USAGE = YES_ERROR;
				CLANG_WARN_DOCUMENTATION_COMMENTS = YES;
				CLANG_WARN_EMPTY_BODY = YES;
				CLANG_WARN_ENUM_CONVERSION = YES;
				CLANG_WARN_INFINITE_RECURSION = YES;
				CLANG_WARN_INT_CONVERSION = YES;
				CLANG_WARN_NON_LITERAL_NULL_CONVERSION = YES;
				CLANG_WARN_OBJC_IMPLICIT_RETAIN_SELF = YES;
				CLANG_WARN_OBJC_LITERAL_CONVERSION = YES;
				CLANG_WARN_OBJC_ROOT_CLASS = YES_ERROR;
				CLANG_WARN_QUOTED_INCLUDE_IN_FRAMEWORK_HEADER = YES;
				CLANG_WARN_RANGE_LOOP_ANALYSIS = YES;
				CLANG_WARN_STRICT_PROTOTYPES = YES;
				CLANG_WARN_SUSPICIOUS_MOVE = YES;
				CLANG_WARN_UNGUARDED_AVAILABILITY = YES_AGGRESSIVE;
				CLANG_WARN_UNREACHABLE_CODE = YES;
				CLANG_WARN__DUPLICATE_METHOD_MATCH = YES;
				COPY_PHASE_STRIP = NO;
				DEBUG_INFORMATION_FORMAT = "dwarf-with-dsym";
				ENABLE_NS_ASSERTIONS = NO;
				ENABLE_STRICT_OBJC_MSGSEND = YES;
				GCC_C_LANGUAGE_STANDARD = gnu11;
				GCC_NO_COMMON_BLOCKS = YES;
				GCC_WARN_64_TO_32_BIT_CONVERSION = YES;
				GCC_WARN_ABOUT_RETURN_TYPE = YES_ERROR;
				GCC_WARN_UNDECLARED_SELECTOR = YES;
				GCC_WARN_UNINITIALIZED_AUTOS = YES_AGGRESSIVE;
				GCC_WARN_UNUSED_FUNCTION = YES;
				GCC_WARN_UNUSED_VARIABLE = YES;
				IPHONEOS_DEPLOYMENT_TARGET = 14.3;
				MTL_ENABLE_DEBUG_INFO = NO;
				MTL_FAST_MATH = YES;
				SDKROOT = iphoneos;
				SWIFT_COMPILATION_MODE = wholemodule;
				SWIFT_OPTIMIZATION_LEVEL = "-O";
				VALIDATE_PRODUCT = YES;
			};
			name = Release;
		};
		4FCDF3D0259B922E003FFB4B /* Debug */ = {
			isa = XCBuildConfiguration;
			baseConfigurationReference = 3EDCF8C3EC1B89F8BBECA28C /* Pods-json-upload.debug.xcconfig */;
			buildSettings = {
				ASSETCATALOG_COMPILER_APPICON_NAME = AppIcon;
				ASSETCATALOG_COMPILER_GLOBAL_ACCENT_COLOR_NAME = AccentColor;
				CODE_SIGN_STYLE = Automatic;
				DEVELOPMENT_ASSET_PATHS = "\"json-upload/Preview Content\"";
				DEVELOPMENT_TEAM = TX9R26AVUZ;
				ENABLE_PREVIEWS = YES;
				INFOPLIST_FILE = "json-upload/Info.plist";
				IPHONEOS_DEPLOYMENT_TARGET = 14.0;
				LD_RUNPATH_SEARCH_PATHS = (
					"$(inherited)",
					"@executable_path/Frameworks",
				);
				PRODUCT_BUNDLE_IDENTIFIER = "com.quan.json-upload";
				PRODUCT_NAME = "$(TARGET_NAME)";
				SWIFT_VERSION = 5.0;
				TARGETED_DEVICE_FAMILY = "1,2";
			};
			name = Debug;
		};
		4FCDF3D1259B922E003FFB4B /* Release */ = {
			isa = XCBuildConfiguration;
			baseConfigurationReference = 69EB068FA4659C71DA92B8D3 /* Pods-json-upload.release.xcconfig */;
			buildSettings = {
				ASSETCATALOG_COMPILER_APPICON_NAME = AppIcon;
				ASSETCATALOG_COMPILER_GLOBAL_ACCENT_COLOR_NAME = AccentColor;
				CODE_SIGN_STYLE = Automatic;
				DEVELOPMENT_ASSET_PATHS = "\"json-upload/Preview Content\"";
				DEVELOPMENT_TEAM = TX9R26AVUZ;
				ENABLE_PREVIEWS = YES;
				INFOPLIST_FILE = "json-upload/Info.plist";
				IPHONEOS_DEPLOYMENT_TARGET = 14.0;
				LD_RUNPATH_SEARCH_PATHS = (
					"$(inherited)",
					"@executable_path/Frameworks",
				);
				PRODUCT_BUNDLE_IDENTIFIER = "com.quan.json-upload";
				PRODUCT_NAME = "$(TARGET_NAME)";
				SWIFT_VERSION = 5.0;
				TARGETED_DEVICE_FAMILY = "1,2";
			};
			name = Release;
		};
		4FCDF3D3259B922E003FFB4B /* Debug */ = {
			isa = XCBuildConfiguration;
			baseConfigurationReference = 9F60983C432585C42DEAE100 /* Pods-json-uploadTests.debug.xcconfig */;
			buildSettings = {
				ALWAYS_EMBED_SWIFT_STANDARD_LIBRARIES = YES;
				BUNDLE_LOADER = "$(TEST_HOST)";
				CODE_SIGN_STYLE = Automatic;
				DEVELOPMENT_TEAM = TX9R26AVUZ;
				INFOPLIST_FILE = "json-uploadTests/Info.plist";
				IPHONEOS_DEPLOYMENT_TARGET = 14.0;
				LD_RUNPATH_SEARCH_PATHS = (
					"$(inherited)",
					"@executable_path/Frameworks",
					"@loader_path/Frameworks",
				);
				PRODUCT_BUNDLE_IDENTIFIER = "com.quan.json-uploadTests";
				PRODUCT_NAME = "$(TARGET_NAME)";
				SWIFT_VERSION = 5.0;
				TARGETED_DEVICE_FAMILY = "1,2";
				TEST_HOST = "$(BUILT_PRODUCTS_DIR)/json-upload.app/json-upload";
			};
			name = Debug;
		};
		4FCDF3D4259B922E003FFB4B /* Release */ = {
			isa = XCBuildConfiguration;
			baseConfigurationReference = E556014279E56B5FCEF25F1D /* Pods-json-uploadTests.release.xcconfig */;
			buildSettings = {
				ALWAYS_EMBED_SWIFT_STANDARD_LIBRARIES = YES;
				BUNDLE_LOADER = "$(TEST_HOST)";
				CODE_SIGN_STYLE = Automatic;
				DEVELOPMENT_TEAM = TX9R26AVUZ;
				INFOPLIST_FILE = "json-uploadTests/Info.plist";
				IPHONEOS_DEPLOYMENT_TARGET = 14.0;
				LD_RUNPATH_SEARCH_PATHS = (
					"$(inherited)",
					"@executable_path/Frameworks",
					"@loader_path/Frameworks",
				);
				PRODUCT_BUNDLE_IDENTIFIER = "com.quan.json-uploadTests";
				PRODUCT_NAME = "$(TARGET_NAME)";
				SWIFT_VERSION = 5.0;
				TARGETED_DEVICE_FAMILY = "1,2";
				TEST_HOST = "$(BUILT_PRODUCTS_DIR)/json-upload.app/json-upload";
			};
			name = Release;
		};
		4FCDF3D6259B922E003FFB4B /* Debug */ = {
			isa = XCBuildConfiguration;
			baseConfigurationReference = A53D5590AAA4D7079F2AC4FC /* Pods-json-upload-json-uploadUITests.debug.xcconfig */;
			buildSettings = {
				ALWAYS_EMBED_SWIFT_STANDARD_LIBRARIES = YES;
				CODE_SIGN_STYLE = Automatic;
				DEVELOPMENT_TEAM = TX9R26AVUZ;
				INFOPLIST_FILE = "json-uploadUITests/Info.plist";
				LD_RUNPATH_SEARCH_PATHS = (
					"$(inherited)",
					"@executable_path/Frameworks",
					"@loader_path/Frameworks",
				);
				PRODUCT_BUNDLE_IDENTIFIER = "com.quan.json-uploadUITests";
				PRODUCT_NAME = "$(TARGET_NAME)";
				SWIFT_VERSION = 5.0;
				TARGETED_DEVICE_FAMILY = "1,2";
				TEST_TARGET_NAME = "json-upload";
			};
			name = Debug;
		};
		4FCDF3D7259B922E003FFB4B /* Release */ = {
			isa = XCBuildConfiguration;
			baseConfigurationReference = F8030A79EDFF55A4223748B7 /* Pods-json-upload-json-uploadUITests.release.xcconfig */;
			buildSettings = {
				ALWAYS_EMBED_SWIFT_STANDARD_LIBRARIES = YES;
				CODE_SIGN_STYLE = Automatic;
				DEVELOPMENT_TEAM = TX9R26AVUZ;
				INFOPLIST_FILE = "json-uploadUITests/Info.plist";
				LD_RUNPATH_SEARCH_PATHS = (
					"$(inherited)",
					"@executable_path/Frameworks",
					"@loader_path/Frameworks",
				);
				PRODUCT_BUNDLE_IDENTIFIER = "com.quan.json-uploadUITests";
				PRODUCT_NAME = "$(TARGET_NAME)";
				SWIFT_VERSION = 5.0;
				TARGETED_DEVICE_FAMILY = "1,2";
				TEST_TARGET_NAME = "json-upload";
			};
			name = Release;
		};
/* End XCBuildConfiguration section */

/* Begin XCConfigurationList section */
		4FCDF3A5259B922B003FFB4B /* Build configuration list for PBXProject "json-upload" */ = {
			isa = XCConfigurationList;
			buildConfigurations = (
				4FCDF3CD259B922E003FFB4B /* Debug */,
				4FCDF3CE259B922E003FFB4B /* Release */,
			);
			defaultConfigurationIsVisible = 0;
			defaultConfigurationName = Release;
		};
		4FCDF3CF259B922E003FFB4B /* Build configuration list for PBXNativeTarget "json-upload" */ = {
			isa = XCConfigurationList;
			buildConfigurations = (
				4FCDF3D0259B922E003FFB4B /* Debug */,
				4FCDF3D1259B922E003FFB4B /* Release */,
			);
			defaultConfigurationIsVisible = 0;
			defaultConfigurationName = Release;
		};
		4FCDF3D2259B922E003FFB4B /* Build configuration list for PBXNativeTarget "json-uploadTests" */ = {
			isa = XCConfigurationList;
			buildConfigurations = (
				4FCDF3D3259B922E003FFB4B /* Debug */,
				4FCDF3D4259B922E003FFB4B /* Release */,
			);
			defaultConfigurationIsVisible = 0;
			defaultConfigurationName = Release;
		};
		4FCDF3D5259B922E003FFB4B /* Build configuration list for PBXNativeTarget "json-uploadUITests" */ = {
			isa = XCConfigurationList;
			buildConfigurations = (
				4FCDF3D6259B922E003FFB4B /* Debug */,
				4FCDF3D7259B922E003FFB4B /* Release */,
			);
			defaultConfigurationIsVisible = 0;
			defaultConfigurationName = Release;
		};
/* End XCConfigurationList section */
	};
	rootObject = 4FCDF3A2259B922B003FFB4B /* Project object */;
}
