// !$*UTF8*$!
{
	archiveVersion = 1;
	classes = {
	};
	objectVersion = 50;
	objects = {

/* Begin PBXBuildFile section */
		4F6FE7CD259B92FD00455E7E /* usb_conversion_tables.json in Resources */ = {isa = PBXBuildFile; fileRef = 4F6FE7CC259B92FD00455E7E /* usb_conversion_tables.json */; };
		4FCDF3AE259B922B003FFB4B /* json_uploadApp.swift in Sources */ = {isa = PBXBuildFile; fileRef = 4FCDF3AD259B922B003FFB4B /* json_uploadApp.swift */; };
		4FCDF3B0259B922B003FFB4B /* ContentView.swift in Sources */ = {isa = PBXBuildFile; fileRef = 4FCDF3AF259B922B003FFB4B /* ContentView.swift */; };
		4FCDF3B2259B922E003FFB4B /* Assets.xcassets in Resources */ = {isa = PBXBuildFile; fileRef = 4FCDF3B1259B922E003FFB4B /* Assets.xcassets */; };
		4FCDF3B5259B922E003FFB4B /* Preview Assets.xcassets in Resources */ = {isa = PBXBuildFile; fileRef = 4FCDF3B4259B922E003FFB4B /* Preview Assets.xcassets */; };
		4FCDF3C0259B922E003FFB4B /* json_uploadTests.swift in Sources */ = {isa = PBXBuildFile; fileRef = 4FCDF3BF259B922E003FFB4B /* json_uploadTests.swift */; };
		4FCDF3CB259B922E003FFB4B /* json_uploadUITests.swift in Sources */ = {isa = PBXBuildFile; fileRef = 4FCDF3CA259B922E003FFB4B /* json_uploadUITests.swift */; };
/* End PBXBuildFile section */

/* Begin PBXContainerItemProxy section */
		4FCDF3BC259B922E003FFB4B /* PBXContainerItemProxy */ = {
			isa = PBXContainerItemProxy;
			containerPortal = 4FCDF3A2259B922B003FFB4B /* Project object */;
			proxyType = 1;
			remoteGlobalIDString = 4FCDF3A9259B922B003FFB4B;
			remoteInfo = "json-upload";
		};
		4FCDF3C7259B922E003FFB4B /* PBXContainerItemProxy */ = {
			isa = PBXContainerItemProxy;
			containerPortal = 4FCDF3A2259B922B003FFB4B /* Project object */;
			proxyType = 1;
			remoteGlobalIDString = 4FCDF3A9259B922B003FFB4B;
			remoteInfo = "json-upload";
		};
/* End PBXContainerItemProxy section */

/* Begin PBXFileReference section */
		4F6FE7CC259B92FD00455E7E /* usb_conversion_tables.json */ = {isa = PBXFileReference; fileEncoding = 4; lastKnownFileType = text.json; path = usb_conversion_tables.json; sourceTree = "<group>"; };
		4FCDF3AA259B922B003FFB4B /* json-upload.app */ = {isa = PBXFileReference; explicitFileType = wrapper.application; includeInIndex = 0; path = "json-upload.app"; sourceTree = BUILT_PRODUCTS_DIR; };
		4FCDF3AD259B922B003FFB4B /* json_uploadApp.swift */ = {isa = PBXFileReference; lastKnownFileType = sourcecode.swift; path = json_uploadApp.swift; sourceTree = "<group>"; };
		4FCDF3AF259B922B003FFB4B /* ContentView.swift */ = {isa = PBXFileReference; lastKnownFileType = sourcecode.swift; path = ContentView.swift; sourceTree = "<group>"; };
		4FCDF3B1259B922E003FFB4B /* Assets.xcassets */ = {isa = PBXFileReference; lastKnownFileType = folder.assetcatalog; path = Assets.xcassets; sourceTree = "<group>"; };
		4FCDF3B4259B922E003FFB4B /* Preview Assets.xcassets */ = {isa = PBXFileReference; lastKnownFileType = folder.assetcatalog; path = "Preview Assets.xcassets"; sourceTree = "<group>"; };
		4FCDF3B6259B922E003FFB4B /* Info.plist */ = {isa = PBXFileReference; lastKnownFileType = text.plist.xml; path = Info.plist; sourceTree = "<group>"; };
		4FCDF3BB259B922E003FFB4B /* json-uploadTests.xctest */ = {isa = PBXFileReference; explicitFileType = wrapper.cfbundle; includeInIndex = 0; path = "json-uploadTests.xctest"; sourceTree = BUILT_PRODUCTS_DIR; };
		4FCDF3BF259B922E003FFB4B /* json_uploadTests.swift */ = {isa = PBXFileReference; lastKnownFileType = sourcecode.swift; path = json_uploadTests.swift; sourceTree = "<group>"; };
		4FCDF3C1259B922E003FFB4B /* Info.plist */ = {isa = PBXFileReference; lastKnownFileType = text.plist.xml; path = Info.plist; sourceTree = "<group>"; };
		4FCDF3C6259B922E003FFB4B /* json-uploadUITests.xctest */ = {isa = PBXFileReference; explicitFileType = wrapper.cfbundle; includeInIndex = 0; path = "json-uploadUITests.xctest"; sourceTree = BUILT_PRODUCTS_DIR; };
		4FCDF3CA259B922E003FFB4B /* json_uploadUITests.swift */ = {isa = PBXFileReference; lastKnownFileType = sourcecode.swift; path = json_uploadUITests.swift; sourceTree = "<group>"; };
		4FCDF3CC259B922E003FFB4B /* Info.plist */ = {isa = PBXFileReference; lastKnownFileType = text.plist.xml; path = Info.plist; sourceTree = "<group>"; };
/* End PBXFileReference section */

/* Begin PBXFrameworksBuildPhase section */
		4FCDF3A7259B922B003FFB4B /* Frameworks */ = {
			isa = PBXFrameworksBuildPhase;
			buildActionMask = 2147483647;
			files = (
			);
			runOnlyForDeploymentPostprocessing = 0;
		};
		4FCDF3B8259B922E003FFB4B /* Frameworks */ = {
			isa = PBXFrameworksBuildPhase;
			buildActionMask = 2147483647;
			files = (
			);
			runOnlyForDeploymentPostprocessing = 0;
		};
		4FCDF3C3259B922E003FFB4B /* Frameworks */ = {
			isa = PBXFrameworksBuildPhase;
			buildActionMask = 2147483647;
			files = (
			);
			runOnlyForDeploymentPostprocessing = 0;
		};
/* End PBXFrameworksBuildPhase section */

/* Begin PBXGroup section */
		4FCDF3A1259B922B003FFB4B = {
			isa = PBXGroup;
			children = (
				4FCDF3AC259B922B003FFB4B /* json-upload */,
				4FCDF3BE259B922E003FFB4B /* json-uploadTests */,
				4FCDF3C9259B922E003FFB4B /* json-uploadUITests */,
				4FCDF3AB259B922B003FFB4B /* Products */,
			);
			sourceTree = "<group>";
		};
		4FCDF3AB259B922B003FFB4B /* Products */ = {
			isa = PBXGroup;
			children = (
				4FCDF3AA259B922B003FFB4B /* json-upload.app */,
				4FCDF3BB259B922E003FFB4B /* json-uploadTests.xctest */,
				4FCDF3C6259B922E003FFB4B /* json-uploadUITests.xctest */,
			);
			name = Products;
			sourceTree = "<group>";
		};
		4FCDF3AC259B922B003FFB4B /* json-upload */ = {
			isa = PBXGroup;
			children = (
				4F6FE7CC259B92FD00455E7E /* usb_conversion_tables.json */,
				4FCDF3AD259B922B003FFB4B /* json_uploadApp.swift */,
				4FCDF3AF259B922B003FFB4B /* ContentView.swift */,
				4FCDF3B1259B922E003FFB4B /* Assets.xcassets */,
				4FCDF3B6259B922E003FFB4B /* Info.plist */,
				4FCDF3B3259B922E003FFB4B /* Preview Content */,
			);
			path = "json-upload";
			sourceTree = "<group>";
		};
		4FCDF3B3259B922E003FFB4B /* Preview Content */ = {
			isa = PBXGroup;
			children = (
				4FCDF3B4259B922E003FFB4B /* Preview Assets.xcassets */,
			);
			path = "Preview Content";
			sourceTree = "<group>";
		};
		4FCDF3BE259B922E003FFB4B /* json-uploadTests */ = {
			isa = PBXGroup;
			children = (
				4FCDF3BF259B922E003FFB4B /* json_uploadTests.swift */,
				4FCDF3C1259B922E003FFB4B /* Info.plist */,
			);
			path = "json-uploadTests";
			sourceTree = "<group>";
		};
		4FCDF3C9259B922E003FFB4B /* json-uploadUITests */ = {
			isa = PBXGroup;
			children = (
				4FCDF3CA259B922E003FFB4B /* json_uploadUITests.swift */,
				4FCDF3CC259B922E003FFB4B /* Info.plist */,
			);
			path = "json-uploadUITests";
			sourceTree = "<group>";
		};
/* End PBXGroup section */

/* Begin PBXNativeTarget section */
		4FCDF3A9259B922B003FFB4B /* json-upload */ = {
			isa = PBXNativeTarget;
			buildConfigurationList = 4FCDF3CF259B922E003FFB4B /* Build configuration list for PBXNativeTarget "json-upload" */;
			buildPhases = (
				4FCDF3A6259B922B003FFB4B /* Sources */,
				4FCDF3A7259B922B003FFB4B /* Frameworks */,
				4FCDF3A8259B922B003FFB4B /* Resources */,
			);
			buildRules = (
			);
			dependencies = (
			);
			name = "json-upload";
			productName = "json-upload";
			productReference = 4FCDF3AA259B922B003FFB4B /* json-upload.app */;
			productType = "com.apple.product-type.application";
		};
		4FCDF3BA259B922E003FFB4B /* json-uploadTests */ = {
			isa = PBXNativeTarget;
			buildConfigurationList = 4FCDF3D2259B922E003FFB4B /* Build configuration list for PBXNativeTarget "json-uploadTests" */;
			buildPhases = (
				4FCDF3B7259B922E003FFB4B /* Sources */,
				4FCDF3B8259B922E003FFB4B /* Frameworks */,
				4FCDF3B9259B922E003FFB4B /* Resources */,
			);
			buildRules = (
			);
			dependencies = (
				4FCDF3BD259B922E003FFB4B /* PBXTargetDependency */,
			);
			name = "json-uploadTests";
			productName = "json-uploadTests";
			productReference = 4FCDF3BB259B922E003FFB4B /* json-uploadTests.xctest */;
			productType = "com.apple.product-type.bundle.unit-test";
		};
		4FCDF3C5259B922E003FFB4B /* json-uploadUITests */ = {
			isa = PBXNativeTarget;
			buildConfigurationList = 4FCDF3D5259B922E003FFB4B /* Build configuration list for PBXNativeTarget "json-uploadUITests" */;
			buildPhases = (
				4FCDF3C2259B922E003FFB4B /* Sources */,
				4FCDF3C3259B922E003FFB4B /* Frameworks */,
				4FCDF3C4259B922E003FFB4B /* Resources */,
			);
			buildRules = (
			);
			dependencies = (
				4FCDF3C8259B922E003FFB4B /* PBXTargetDependency */,
			);
			name = "json-uploadUITests";
			productName = "json-uploadUITests";
			productReference = 4FCDF3C6259B922E003FFB4B /* json-uploadUITests.xctest */;
			productType = "com.apple.product-type.bundle.ui-testing";
		};
/* End PBXNativeTarget section */

/* Begin PBXProject section */
		4FCDF3A2259B922B003FFB4B /* Project object */ = {
			isa = PBXProject;
			attributes = {
				LastSwiftUpdateCheck = 1230;
				LastUpgradeCheck = 1230;
				TargetAttributes = {
					4FCDF3A9259B922B003FFB4B = {
						CreatedOnToolsVersion = 12.3;
					};
					4FCDF3BA259B922E003FFB4B = {
						CreatedOnToolsVersion = 12.3;
						TestTargetID = 4FCDF3A9259B922B003FFB4B;
					};
					4FCDF3C5259B922E003FFB4B = {
						CreatedOnToolsVersion = 12.3;
						TestTargetID = 4FCDF3A9259B922B003FFB4B;
					};
				};
			};
			buildConfigurationList = 4FCDF3A5259B922B003FFB4B /* Build configuration list for PBXProject "json-upload" */;
			compatibilityVersion = "Xcode 9.3";
			developmentRegion = en;
			hasScannedForEncodings = 0;
			knownRegions = (
				en,
				Base,
			);
			mainGroup = 4FCDF3A1259B922B003FFB4B;
			productRefGroup = 4FCDF3AB259B922B003FFB4B /* Products */;
			projectDirPath = "";
			projectRoot = "";
			targets = (
				4FCDF3A9259B922B003FFB4B /* json-upload */,
				4FCDF3BA259B922E003FFB4B /* json-uploadTests */,
				4FCDF3C5259B922E003FFB4B /* json-uploadUITests */,
			);
		};
/* End PBXProject section */

/* Begin PBXResourcesBuildPhase section */
		4FCDF3A8259B922B003FFB4B /* Resources */ = {
			isa = PBXResourcesBuildPhase;
			buildActionMask = 2147483647;
			files = (
				4FCDF3B5259B922E003FFB4B /* Preview Assets.xcassets in Resources */,
				4F6FE7CD259B92FD00455E7E /* usb_conversion_tables.json in Resources */,
				4FCDF3B2259B922E003FFB4B /* Assets.xcassets in Resources */,
			);
			runOnlyForDeploymentPostprocessing = 0;
		};
		4FCDF3B9259B922E003FFB4B /* Resources */ = {
			isa = PBXResourcesBuildPhase;
			buildActionMask = 2147483647;
			files = (
			);
			runOnlyForDeploymentPostprocessing = 0;
		};
		4FCDF3C4259B922E003FFB4B /* Resources */ = {
			isa = PBXResourcesBuildPhase;
			buildActionMask = 2147483647;
			files = (
			);
			runOnlyForDeploymentPostprocessing = 0;
		};
/* End PBXResourcesBuildPhase section */

/* Begin PBXSourcesBuildPhase section */
		4FCDF3A6259B922B003FFB4B /* Sources */ = {
			isa = PBXSourcesBuildPhase;
			buildActionMask = 2147483647;
			files = (
				4FCDF3B0259B922B003FFB4B /* ContentView.swift in Sources */,
				4FCDF3AE259B922B003FFB4B /* json_uploadApp.swift in Sources */,
			);
			runOnlyForDeploymentPostprocessing = 0;
		};
		4FCDF3B7259B922E003FFB4B /* Sources */ = {
			isa = PBXSourcesBuildPhase;
			buildActionMask = 2147483647;
			files = (
				4FCDF3C0259B922E003FFB4B /* json_uploadTests.swift in Sources */,
			);
			runOnlyForDeploymentPostprocessing = 0;
		};
		4FCDF3C2259B922E003FFB4B /* Sources */ = {
			isa = PBXSourcesBuildPhase;
			buildActionMask = 2147483647;
			files = (
				4FCDF3CB259B922E003FFB4B /* json_uploadUITests.swift in Sources */,
			);
			runOnlyForDeploymentPostprocessing = 0;
		};
/* End PBXSourcesBuildPhase section */

/* Begin PBXTargetDependency section */
		4FCDF3BD259B922E003FFB4B /* PBXTargetDependency */ = {
			isa = PBXTargetDependency;
			target = 4FCDF3A9259B922B003FFB4B /* json-upload */;
			targetProxy = 4FCDF3BC259B922E003FFB4B /* PBXContainerItemProxy */;
		};
		4FCDF3C8259B922E003FFB4B /* PBXTargetDependency */ = {
			isa = PBXTargetDependency;
			target = 4FCDF3A9259B922B003FFB4B /* json-upload */;
			targetProxy = 4FCDF3C7259B922E003FFB4B /* PBXContainerItemProxy */;
		};
/* End PBXTargetDependency section */

/* Begin XCBuildConfiguration section */
		4FCDF3CD259B922E003FFB4B /* Debug */ = {
			isa = XCBuildConfiguration;
			buildSettings = {
				ALWAYS_SEARCH_USER_PATHS = NO;
				CLANG_ANALYZER_NONNULL = YES;
				CLANG_ANALYZER_NUMBER_OBJECT_CONVERSION = YES_AGGRESSIVE;
				CLANG_CXX_LANGUAGE_STANDARD = "gnu++14";
				CLANG_CXX_LIBRARY = "libc++";
				CLANG_ENABLE_MODULES = YES;
				CLANG_ENABLE_OBJC_ARC = YES;
				CLANG_ENABLE_OBJC_WEAK = YES;
				CLANG_WARN_BLOCK_CAPTURE_AUTORELEASING = YES;
				CLANG_WARN_BOOL_CONVERSION = YES;
				CLANG_WARN_COMMA = YES;
				CLANG_WARN_CONSTANT_CONVERSION = YES;
				CLANG_WARN_DEPRECATED_OBJC_IMPLEMENTATIONS = YES;
				CLANG_WARN_DIRECT_OBJC_ISA_USAGE = YES_ERROR;
				CLANG_WARN_DOCUMENTATION_COMMENTS = YES;
				CLANG_WARN_EMPTY_BODY = YES;
				CLANG_WARN_ENUM_CONVERSION = YES;
				CLANG_WARN_INFINITE_RECURSION = YES;
				CLANG_WARN_INT_CONVERSION = YES;
				CLANG_WARN_NON_LITERAL_NULL_CONVERSION = YES;
				CLANG_WARN_OBJC_IMPLICIT_RETAIN_SELF = YES;
				CLANG_WARN_OBJC_LITERAL_CONVERSION = YES;
				CLANG_WARN_OBJC_ROOT_CLASS = YES_ERROR;
				CLANG_WARN_QUOTED_INCLUDE_IN_FRAMEWORK_HEADER = YES;
				CLANG_WARN_RANGE_LOOP_ANALYSIS = YES;
				CLANG_WARN_STRICT_PROTOTYPES = YES;
				CLANG_WARN_SUSPICIOUS_MOVE = YES;
				CLANG_WARN_UNGUARDED_AVAILABILITY = YES_AGGRESSIVE;
				CLANG_WARN_UNREACHABLE_CODE = YES;
				CLANG_WARN__DUPLICATE_METHOD_MATCH = YES;
				COPY_PHASE_STRIP = NO;
				DEBUG_INFORMATION_FORMAT = dwarf;
				ENABLE_STRICT_OBJC_MSGSEND = YES;
				ENABLE_TESTABILITY = YES;
				GCC_C_LANGUAGE_STANDARD = gnu11;
				GCC_DYNAMIC_NO_PIC = NO;
				GCC_NO_COMMON_BLOCKS = YES;
				GCC_OPTIMIZATION_LEVEL = 0;
				GCC_PREPROCESSOR_DEFINITIONS = (
					"DEBUG=1",
					"$(inherited)",
				);
				GCC_WARN_64_TO_32_BIT_CONVERSION = YES;
				GCC_WARN_ABOUT_RETURN_TYPE = YES_ERROR;
				GCC_WARN_UNDECLARED_SELECTOR = YES;
				GCC_WARN_UNINITIALIZED_AUTOS = YES_AGGRESSIVE;
				GCC_WARN_UNUSED_FUNCTION = YES;
				GCC_WARN_UNUSED_VARIABLE = YES;
				IPHONEOS_DEPLOYMENT_TARGET = 14.3;
				MTL_ENABLE_DEBUG_INFO = INCLUDE_SOURCE;
				MTL_FAST_MATH = YES;
				ONLY_ACTIVE_ARCH = YES;
				SDKROOT = iphoneos;
				SWIFT_ACTIVE_COMPILATION_CONDITIONS = DEBUG;
				SWIFT_OPTIMIZATION_LEVEL = "-Onone";
			};
			name = Debug;
		};
		4FCDF3CE259B922E003FFB4B /* Release */ = {
			isa = XCBuildConfiguration;
			buildSettings = {
				ALWAYS_SEARCH_USER_PATHS = NO;
				CLANG_ANALYZER_NONNULL = YES;
				CLANG_ANALYZER_NUMBER_OBJECT_CONVERSION = YES_AGGRESSIVE;
				CLANG_CXX_LANGUAGE_STANDARD = "gnu++14";
				CLANG_CXX_LIBRARY = "libc++";
				CLANG_ENABLE_MODULES = YES;
				CLANG_ENABLE_OBJC_ARC = YES;
				CLANG_ENABLE_OBJC_WEAK = YES;
				CLANG_WARN_BLOCK_CAPTURE_AUTORELEASING = YES;
				CLANG_WARN_BOOL_CONVERSION = YES;
				CLANG_WARN_COMMA = YES;
				CLANG_WARN_CONSTANT_CONVERSION = YES;
				CLANG_WARN_DEPRECATED_OBJC_IMPLEMENTATIONS = YES;
				CLANG_WARN_DIRECT_OBJC_ISA_USAGE = YES_ERROR;
				CLANG_WARN_DOCUMENTATION_COMMENTS = YES;
				CLANG_WARN_EMPTY_BODY = YES;
				CLANG_WARN_ENUM_CONVERSION = YES;
				CLANG_WARN_INFINITE_RECURSION = YES;
				CLANG_WARN_INT_CONVERSION = YES;
				CLANG_WARN_NON_LITERAL_NULL_CONVERSION = YES;
				CLANG_WARN_OBJC_IMPLICIT_RETAIN_SELF = YES;
				CLANG_WARN_OBJC_LITERAL_CONVERSION = YES;
				CLANG_WARN_OBJC_ROOT_CLASS = YES_ERROR;
				CLANG_WARN_QUOTED_INCLUDE_IN_FRAMEWORK_HEADER = YES;
				CLANG_WARN_RANGE_LOOP_ANALYSIS = YES;
				CLANG_WARN_STRICT_PROTOTYPES = YES;
				CLANG_WARN_SUSPICIOUS_MOVE = YES;
				CLANG_WARN_UNGUARDED_AVAILABILITY = YES_AGGRESSIVE;
				CLANG_WARN_UNREACHABLE_CODE = YES;
				CLANG_WARN__DUPLICATE_METHOD_MATCH = YES;
				COPY_PHASE_STRIP = NO;
				DEBUG_INFORMATION_FORMAT = "dwarf-with-dsym";
				ENABLE_NS_ASSERTIONS = NO;
				ENABLE_STRICT_OBJC_MSGSEND = YES;
				GCC_C_LANGUAGE_STANDARD = gnu11;
				GCC_NO_COMMON_BLOCKS = YES;
				GCC_WARN_64_TO_32_BIT_CONVERSION = YES;
				GCC_WARN_ABOUT_RETURN_TYPE = YES_ERROR;
				GCC_WARN_UNDECLARED_SELECTOR = YES;
				GCC_WARN_UNINITIALIZED_AUTOS = YES_AGGRESSIVE;
				GCC_WARN_UNUSED_FUNCTION = YES;
				GCC_WARN_UNUSED_VARIABLE = YES;
				IPHONEOS_DEPLOYMENT_TARGET = 14.3;
				MTL_ENABLE_DEBUG_INFO = NO;
				MTL_FAST_MATH = YES;
				SDKROOT = iphoneos;
				SWIFT_COMPILATION_MODE = wholemodule;
				SWIFT_OPTIMIZATION_LEVEL = "-O";
				VALIDATE_PRODUCT = YES;
			};
			name = Release;
		};
		4FCDF3D0259B922E003FFB4B /* Debug */ = {
			isa = XCBuildConfiguration;
			buildSettings = {
				ASSETCATALOG_COMPILER_APPICON_NAME = AppIcon;
				ASSETCATALOG_COMPILER_GLOBAL_ACCENT_COLOR_NAME = AccentColor;
				CODE_SIGN_STYLE = Automatic;
				DEVELOPMENT_ASSET_PATHS = "\"json-upload/Preview Content\"";
				DEVELOPMENT_TEAM = TX9R26AVUZ;
				ENABLE_PREVIEWS = YES;
				INFOPLIST_FILE = "json-upload/Info.plist";
				IPHONEOS_DEPLOYMENT_TARGET = 14.0;
				LD_RUNPATH_SEARCH_PATHS = (
					"$(inherited)",
					"@executable_path/Frameworks",
				);
				PRODUCT_BUNDLE_IDENTIFIER = "com.quan.json-upload";
				PRODUCT_NAME = "$(TARGET_NAME)";
				SWIFT_VERSION = 5.0;
				TARGETED_DEVICE_FAMILY = "1,2";
			};
			name = Debug;
		};
		4FCDF3D1259B922E003FFB4B /* Release */ = {
			isa = XCBuildConfiguration;
			buildSettings = {
				ASSETCATALOG_COMPILER_APPICON_NAME = AppIcon;
				ASSETCATALOG_COMPILER_GLOBAL_ACCENT_COLOR_NAME = AccentColor;
				CODE_SIGN_STYLE = Automatic;
				DEVELOPMENT_ASSET_PATHS = "\"json-upload/Preview Content\"";
				DEVELOPMENT_TEAM = TX9R26AVUZ;
				ENABLE_PREVIEWS = YES;
				INFOPLIST_FILE = "json-upload/Info.plist";
				IPHONEOS_DEPLOYMENT_TARGET = 14.0;
				LD_RUNPATH_SEARCH_PATHS = (
					"$(inherited)",
					"@executable_path/Frameworks",
				);
				PRODUCT_BUNDLE_IDENTIFIER = "com.quan.json-upload";
				PRODUCT_NAME = "$(TARGET_NAME)";
				SWIFT_VERSION = 5.0;
				TARGETED_DEVICE_FAMILY = "1,2";
			};
			name = Release;
		};
		4FCDF3D3259B922E003FFB4B /* Debug */ = {
			isa = XCBuildConfiguration;
			buildSettings = {
				ALWAYS_EMBED_SWIFT_STANDARD_LIBRARIES = YES;
				BUNDLE_LOADER = "$(TEST_HOST)";
				CODE_SIGN_STYLE = Automatic;
				DEVELOPMENT_TEAM = TX9R26AVUZ;
				INFOPLIST_FILE = "json-uploadTests/Info.plist";
				IPHONEOS_DEPLOYMENT_TARGET = 14.0;
				LD_RUNPATH_SEARCH_PATHS = (
					"$(inherited)",
					"@executable_path/Frameworks",
					"@loader_path/Frameworks",
				);
				PRODUCT_BUNDLE_IDENTIFIER = "com.quan.json-uploadTests";
				PRODUCT_NAME = "$(TARGET_NAME)";
				SWIFT_VERSION = 5.0;
				TARGETED_DEVICE_FAMILY = "1,2";
				TEST_HOST = "$(BUILT_PRODUCTS_DIR)/json-upload.app/json-upload";
			};
			name = Debug;
		};
		4FCDF3D4259B922E003FFB4B /* Release */ = {
			isa = XCBuildConfiguration;
			buildSettings = {
				ALWAYS_EMBED_SWIFT_STANDARD_LIBRARIES = YES;
				BUNDLE_LOADER = "$(TEST_HOST)";
				CODE_SIGN_STYLE = Automatic;
				DEVELOPMENT_TEAM = TX9R26AVUZ;
				INFOPLIST_FILE = "json-uploadTests/Info.plist";
				IPHONEOS_DEPLOYMENT_TARGET = 14.0;
				LD_RUNPATH_SEARCH_PATHS = (
					"$(inherited)",
					"@executable_path/Frameworks",
					"@loader_path/Frameworks",
				);
				PRODUCT_BUNDLE_IDENTIFIER = "com.quan.json-uploadTests";
				PRODUCT_NAME = "$(TARGET_NAME)";
				SWIFT_VERSION = 5.0;
				TARGETED_DEVICE_FAMILY = "1,2";
				TEST_HOST = "$(BUILT_PRODUCTS_DIR)/json-upload.app/json-upload";
			};
			name = Release;
		};
		4FCDF3D6259B922E003FFB4B /* Debug */ = {
			isa = XCBuildConfiguration;
			buildSettings = {
				ALWAYS_EMBED_SWIFT_STANDARD_LIBRARIES = YES;
				CODE_SIGN_STYLE = Automatic;
				DEVELOPMENT_TEAM = TX9R26AVUZ;
				INFOPLIST_FILE = "json-uploadUITests/Info.plist";
				LD_RUNPATH_SEARCH_PATHS = (
					"$(inherited)",
					"@executable_path/Frameworks",
					"@loader_path/Frameworks",
				);
				PRODUCT_BUNDLE_IDENTIFIER = "com.quan.json-uploadUITests";
				PRODUCT_NAME = "$(TARGET_NAME)";
				SWIFT_VERSION = 5.0;
				TARGETED_DEVICE_FAMILY = "1,2";
				TEST_TARGET_NAME = "json-upload";
			};
			name = Debug;
		};
		4FCDF3D7259B922E003FFB4B /* Release */ = {
			isa = XCBuildConfiguration;
			buildSettings = {
				ALWAYS_EMBED_SWIFT_STANDARD_LIBRARIES = YES;
				CODE_SIGN_STYLE = Automatic;
				DEVELOPMENT_TEAM = TX9R26AVUZ;
				INFOPLIST_FILE = "json-uploadUITests/Info.plist";
				LD_RUNPATH_SEARCH_PATHS = (
					"$(inherited)",
					"@executable_path/Frameworks",
					"@loader_path/Frameworks",
				);
				PRODUCT_BUNDLE_IDENTIFIER = "com.quan.json-uploadUITests";
				PRODUCT_NAME = "$(TARGET_NAME)";
				SWIFT_VERSION = 5.0;
				TARGETED_DEVICE_FAMILY = "1,2";
				TEST_TARGET_NAME = "json-upload";
			};
			name = Release;
		};
/* End XCBuildConfiguration section */

/* Begin XCConfigurationList section */
		4FCDF3A5259B922B003FFB4B /* Build configuration list for PBXProject "json-upload" */ = {
			isa = XCConfigurationList;
			buildConfigurations = (
				4FCDF3CD259B922E003FFB4B /* Debug */,
				4FCDF3CE259B922E003FFB4B /* Release */,
			);
			defaultConfigurationIsVisible = 0;
			defaultConfigurationName = Release;
		};
		4FCDF3CF259B922E003FFB4B /* Build configuration list for PBXNativeTarget "json-upload" */ = {
			isa = XCConfigurationList;
			buildConfigurations = (
				4FCDF3D0259B922E003FFB4B /* Debug */,
				4FCDF3D1259B922E003FFB4B /* Release */,
			);
			defaultConfigurationIsVisible = 0;
			defaultConfigurationName = Release;
		};
		4FCDF3D2259B922E003FFB4B /* Build configuration list for PBXNativeTarget "json-uploadTests" */ = {
			isa = XCConfigurationList;
			buildConfigurations = (
				4FCDF3D3259B922E003FFB4B /* Debug */,
				4FCDF3D4259B922E003FFB4B /* Release */,
			);
			defaultConfigurationIsVisible = 0;
			defaultConfigurationName = Release;
		};
		4FCDF3D5259B922E003FFB4B /* Build configuration list for PBXNativeTarget "json-uploadUITests" */ = {
			isa = XCConfigurationList;
			buildConfigurations = (
				4FCDF3D6259B922E003FFB4B /* Debug */,
				4FCDF3D7259B922E003FFB4B /* Release */,
			);
			defaultConfigurationIsVisible = 0;
			defaultConfigurationName = Release;
		};
/* End XCConfigurationList section */
	};
	rootObject = 4FCDF3A2259B922B003FFB4B /* Project object */;
}
